// !$*UTF8*$!
{
	archiveVersion = 1;
	classes = {
	};
	objectVersion = 46;
	objects = {

/* Begin PBXBuildFile section */
		18EE4F5CB0F41D95E11DDFFD /* libPods.a in Frameworks */ = {isa = PBXBuildFile; fileRef = 3F06CB19E352239AAB38BCB4 /* libPods.a */; };
		F03D810F1B5F0084009C8C83 /* MapKit.framework in Frameworks */ = {isa = PBXBuildFile; fileRef = F03D810E1B5F0084009C8C83 /* MapKit.framework */; };
		F03D81111B5F0094009C8C83 /* CoreLocation.framework in Frameworks */ = {isa = PBXBuildFile; fileRef = F03D81101B5F0094009C8C83 /* CoreLocation.framework */; };
		F03D81131B5F00B4009C8C83 /* UIKit.framework in Frameworks */ = {isa = PBXBuildFile; fileRef = F03D81121B5F00B4009C8C83 /* UIKit.framework */; };
		F03D81151B5F00C9009C8C83 /* Foundation.framework in Frameworks */ = {isa = PBXBuildFile; fileRef = F03D81141B5F00C9009C8C83 /* Foundation.framework */; };
		F03D81171B5F00DB009C8C83 /* CoreGraphics.framework in Frameworks */ = {isa = PBXBuildFile; fileRef = F03D81161B5F00DB009C8C83 /* CoreGraphics.framework */; };
		F03D81311B61538B009C8C83 /* SPGooglePlacesAutocompletePlace.m in Sources */ = {isa = PBXBuildFile; fileRef = F03D812A1B61538B009C8C83 /* SPGooglePlacesAutocompletePlace.m */; };
		F03D81321B61538B009C8C83 /* SPGooglePlacesAutocompleteQuery.m in Sources */ = {isa = PBXBuildFile; fileRef = F03D812C1B61538B009C8C83 /* SPGooglePlacesAutocompleteQuery.m */; };
		F03D81331B61538B009C8C83 /* SPGooglePlacesPlaceDetailQuery.m in Sources */ = {isa = PBXBuildFile; fileRef = F03D812E1B61538B009C8C83 /* SPGooglePlacesPlaceDetailQuery.m */; };
		F03D81341B61538B009C8C83 /* SPGooglePlacesAutocompleteUtilities.m in Sources */ = {isa = PBXBuildFile; fileRef = F03D81301B61538B009C8C83 /* SPGooglePlacesAutocompleteUtilities.m */; };
		F03D81361B683EB8009C8C83 /* Images-2.xcassets in Resources */ = {isa = PBXBuildFile; fileRef = F03D81351B683EB8009C8C83 /* Images-2.xcassets */; };
		F03D813C1B696D8A009C8C83 /* MenuViewController.m in Sources */ = {isa = PBXBuildFile; fileRef = F03D813B1B696D8A009C8C83 /* MenuViewController.m */; };
		F03D81481B69A0B8009C8C83 /* RootViewController.m in Sources */ = {isa = PBXBuildFile; fileRef = F03D81471B69A0B8009C8C83 /* RootViewController.m */; };
		F0C04DCF1B5432DF00D48F28 /* main.m in Sources */ = {isa = PBXBuildFile; fileRef = F0C04DCE1B5432DF00D48F28 /* main.m */; };
		F0C04DD21B5432DF00D48F28 /* AppDelegate.m in Sources */ = {isa = PBXBuildFile; fileRef = F0C04DD11B5432DF00D48F28 /* AppDelegate.m */; };
		F0C04DD51B5432DF00D48F28 /* MapaViewController.m in Sources */ = {isa = PBXBuildFile; fileRef = F0C04DD41B5432DF00D48F28 /* MapaViewController.m */; };
		F0C04DD81B5432DF00D48F28 /* Main.storyboard in Resources */ = {isa = PBXBuildFile; fileRef = F0C04DD61B5432DF00D48F28 /* Main.storyboard */; };
		F0C04DDA1B5432DF00D48F28 /* Images.xcassets in Resources */ = {isa = PBXBuildFile; fileRef = F0C04DD91B5432DF00D48F28 /* Images.xcassets */; };
		F0C04DDD1B5432DF00D48F28 /* LaunchScreen.xib in Resources */ = {isa = PBXBuildFile; fileRef = F0C04DDB1B5432DF00D48F28 /* LaunchScreen.xib */; };
		F0C04DE91B5432DF00D48F28 /* BlakoTests.m in Sources */ = {isa = PBXBuildFile; fileRef = F0C04DE81B5432DF00D48F28 /* BlakoTests.m */; };
		F0C04DF31B55885200D48F28 /* icon_me@2x.png in Resources */ = {isa = PBXBuildFile; fileRef = F0C04DF21B55885200D48F28 /* icon_me@2x.png */; };
		F0C04E441B58316C00D48F28 /* MapViewController.m in Sources */ = {isa = PBXBuildFile; fileRef = F0C04E431B58316C00D48F28 /* MapViewController.m */; };
		F0C04E471B5D61C000D48F28 /* SearchAddressViewController.m in Sources */ = {isa = PBXBuildFile; fileRef = F0C04E461B5D61C000D48F28 /* SearchAddressViewController.m */; };
/* End PBXBuildFile section */

/* Begin PBXContainerItemProxy section */
		F0C04DE31B5432DF00D48F28 /* PBXContainerItemProxy */ = {
			isa = PBXContainerItemProxy;
			containerPortal = F0C04DC11B5432DF00D48F28 /* Project object */;
			proxyType = 1;
			remoteGlobalIDString = F0C04DC81B5432DF00D48F28;
			remoteInfo = Blako;
		};
/* End PBXContainerItemProxy section */

/* Begin PBXFileReference section */
		3F06CB19E352239AAB38BCB4 /* libPods.a */ = {isa = PBXFileReference; explicitFileType = archive.ar; includeInIndex = 0; path = libPods.a; sourceTree = BUILT_PRODUCTS_DIR; };
		E99E5A1A0B9E912E8DB40ACF /* Pods.release.xcconfig */ = {isa = PBXFileReference; includeInIndex = 1; lastKnownFileType = text.xcconfig; name = Pods.release.xcconfig; path = "Pods/Target Support Files/Pods/Pods.release.xcconfig"; sourceTree = "<group>"; };
		F03D810E1B5F0084009C8C83 /* MapKit.framework */ = {isa = PBXFileReference; lastKnownFileType = wrapper.framework; name = MapKit.framework; path = System/Library/Frameworks/MapKit.framework; sourceTree = SDKROOT; };
		F03D81101B5F0094009C8C83 /* CoreLocation.framework */ = {isa = PBXFileReference; lastKnownFileType = wrapper.framework; name = CoreLocation.framework; path = System/Library/Frameworks/CoreLocation.framework; sourceTree = SDKROOT; };
		F03D81121B5F00B4009C8C83 /* UIKit.framework */ = {isa = PBXFileReference; lastKnownFileType = wrapper.framework; name = UIKit.framework; path = System/Library/Frameworks/UIKit.framework; sourceTree = SDKROOT; };
		F03D81141B5F00C9009C8C83 /* Foundation.framework */ = {isa = PBXFileReference; lastKnownFileType = wrapper.framework; name = Foundation.framework; path = System/Library/Frameworks/Foundation.framework; sourceTree = SDKROOT; };
		F03D81161B5F00DB009C8C83 /* CoreGraphics.framework */ = {isa = PBXFileReference; lastKnownFileType = wrapper.framework; name = CoreGraphics.framework; path = System/Library/Frameworks/CoreGraphics.framework; sourceTree = SDKROOT; };
		F03D81281B61538B009C8C83 /* SPGooglePlacesAutocomplete.h */ = {isa = PBXFileReference; fileEncoding = 4; lastKnownFileType = sourcecode.c.h; path = SPGooglePlacesAutocomplete.h; sourceTree = "<group>"; };
		F03D81291B61538B009C8C83 /* SPGooglePlacesAutocompletePlace.h */ = {isa = PBXFileReference; fileEncoding = 4; lastKnownFileType = sourcecode.c.h; path = SPGooglePlacesAutocompletePlace.h; sourceTree = "<group>"; };
		F03D812A1B61538B009C8C83 /* SPGooglePlacesAutocompletePlace.m */ = {isa = PBXFileReference; fileEncoding = 4; lastKnownFileType = sourcecode.c.objc; path = SPGooglePlacesAutocompletePlace.m; sourceTree = "<group>"; };
		F03D812B1B61538B009C8C83 /* SPGooglePlacesAutocompleteQuery.h */ = {isa = PBXFileReference; fileEncoding = 4; lastKnownFileType = sourcecode.c.h; path = SPGooglePlacesAutocompleteQuery.h; sourceTree = "<group>"; };
		F03D812C1B61538B009C8C83 /* SPGooglePlacesAutocompleteQuery.m */ = {isa = PBXFileReference; fileEncoding = 4; lastKnownFileType = sourcecode.c.objc; path = SPGooglePlacesAutocompleteQuery.m; sourceTree = "<group>"; };
		F03D812D1B61538B009C8C83 /* SPGooglePlacesPlaceDetailQuery.h */ = {isa = PBXFileReference; fileEncoding = 4; lastKnownFileType = sourcecode.c.h; path = SPGooglePlacesPlaceDetailQuery.h; sourceTree = "<group>"; };
		F03D812E1B61538B009C8C83 /* SPGooglePlacesPlaceDetailQuery.m */ = {isa = PBXFileReference; fileEncoding = 4; lastKnownFileType = sourcecode.c.objc; path = SPGooglePlacesPlaceDetailQuery.m; sourceTree = "<group>"; };
		F03D812F1B61538B009C8C83 /* SPGooglePlacesAutocompleteUtilities.h */ = {isa = PBXFileReference; fileEncoding = 4; lastKnownFileType = sourcecode.c.h; path = SPGooglePlacesAutocompleteUtilities.h; sourceTree = "<group>"; };
		F03D81301B61538B009C8C83 /* SPGooglePlacesAutocompleteUtilities.m */ = {isa = PBXFileReference; fileEncoding = 4; lastKnownFileType = sourcecode.c.objc; path = SPGooglePlacesAutocompleteUtilities.m; sourceTree = "<group>"; };
		F03D81351B683EB8009C8C83 /* Images-2.xcassets */ = {isa = PBXFileReference; lastKnownFileType = folder.assetcatalog; path = "Images-2.xcassets"; sourceTree = "<group>"; };
		F03D813A1B696D8A009C8C83 /* MenuViewController.h */ = {isa = PBXFileReference; fileEncoding = 4; lastKnownFileType = sourcecode.c.h; path = MenuViewController.h; sourceTree = "<group>"; };
		F03D813B1B696D8A009C8C83 /* MenuViewController.m */ = {isa = PBXFileReference; fileEncoding = 4; lastKnownFileType = sourcecode.c.objc; path = MenuViewController.m; sourceTree = "<group>"; };
		F03D81461B69A0B8009C8C83 /* RootViewController.h */ = {isa = PBXFileReference; fileEncoding = 4; lastKnownFileType = sourcecode.c.h; path = RootViewController.h; sourceTree = "<group>"; };
		F03D81471B69A0B8009C8C83 /* RootViewController.m */ = {isa = PBXFileReference; fileEncoding = 4; lastKnownFileType = sourcecode.c.objc; path = RootViewController.m; sourceTree = "<group>"; };
		F0C04DC91B5432DF00D48F28 /* Blako.app */ = {isa = PBXFileReference; explicitFileType = wrapper.application; includeInIndex = 0; path = Blako.app; sourceTree = BUILT_PRODUCTS_DIR; };
		F0C04DCD1B5432DF00D48F28 /* Info.plist */ = {isa = PBXFileReference; lastKnownFileType = text.plist.xml; path = Info.plist; sourceTree = "<group>"; };
		F0C04DCE1B5432DF00D48F28 /* main.m */ = {isa = PBXFileReference; lastKnownFileType = sourcecode.c.objc; path = main.m; sourceTree = "<group>"; };
		F0C04DD01B5432DF00D48F28 /* AppDelegate.h */ = {isa = PBXFileReference; lastKnownFileType = sourcecode.c.h; path = AppDelegate.h; sourceTree = "<group>"; };
		F0C04DD11B5432DF00D48F28 /* AppDelegate.m */ = {isa = PBXFileReference; lastKnownFileType = sourcecode.c.objc; path = AppDelegate.m; sourceTree = "<group>"; };
		F0C04DD31B5432DF00D48F28 /* MapaViewController.h */ = {isa = PBXFileReference; lastKnownFileType = sourcecode.c.h; path = MapaViewController.h; sourceTree = "<group>"; };
		F0C04DD41B5432DF00D48F28 /* MapaViewController.m */ = {isa = PBXFileReference; lastKnownFileType = sourcecode.c.objc; path = MapaViewController.m; sourceTree = "<group>"; };
		F0C04DD71B5432DF00D48F28 /* Base */ = {isa = PBXFileReference; lastKnownFileType = file.storyboard; name = Base; path = Base.lproj/Main.storyboard; sourceTree = "<group>"; };
		F0C04DD91B5432DF00D48F28 /* Images.xcassets */ = {isa = PBXFileReference; lastKnownFileType = folder.assetcatalog; path = Images.xcassets; sourceTree = "<group>"; };
		F0C04DDC1B5432DF00D48F28 /* Base */ = {isa = PBXFileReference; lastKnownFileType = file.xib; name = Base; path = Base.lproj/LaunchScreen.xib; sourceTree = "<group>"; };
		F0C04DE21B5432DF00D48F28 /* BlakoTests.xctest */ = {isa = PBXFileReference; explicitFileType = wrapper.cfbundle; includeInIndex = 0; path = BlakoTests.xctest; sourceTree = BUILT_PRODUCTS_DIR; };
		F0C04DE71B5432DF00D48F28 /* Info.plist */ = {isa = PBXFileReference; lastKnownFileType = text.plist.xml; path = Info.plist; sourceTree = "<group>"; };
		F0C04DE81B5432DF00D48F28 /* BlakoTests.m */ = {isa = PBXFileReference; lastKnownFileType = sourcecode.c.objc; path = BlakoTests.m; sourceTree = "<group>"; };
		F0C04DF21B55885200D48F28 /* icon_me@2x.png */ = {isa = PBXFileReference; lastKnownFileType = image.png; path = "icon_me@2x.png"; sourceTree = "<group>"; };
		F0C04E421B58316C00D48F28 /* MapViewController.h */ = {isa = PBXFileReference; fileEncoding = 4; lastKnownFileType = sourcecode.c.h; path = MapViewController.h; sourceTree = "<group>"; };
		F0C04E431B58316C00D48F28 /* MapViewController.m */ = {isa = PBXFileReference; fileEncoding = 4; lastKnownFileType = sourcecode.c.objc; path = MapViewController.m; sourceTree = "<group>"; };
		F0C04E451B5D61C000D48F28 /* SearchAddressViewController.h */ = {isa = PBXFileReference; fileEncoding = 4; lastKnownFileType = sourcecode.c.h; path = SearchAddressViewController.h; sourceTree = "<group>"; };
		F0C04E461B5D61C000D48F28 /* SearchAddressViewController.m */ = {isa = PBXFileReference; fileEncoding = 4; lastKnownFileType = sourcecode.c.objc; path = SearchAddressViewController.m; sourceTree = "<group>"; };
		FBB594789E4CFDC1745CBF79 /* Pods.debug.xcconfig */ = {isa = PBXFileReference; includeInIndex = 1; lastKnownFileType = text.xcconfig; name = Pods.debug.xcconfig; path = "Pods/Target Support Files/Pods/Pods.debug.xcconfig"; sourceTree = "<group>"; };
/* End PBXFileReference section */

/* Begin PBXFrameworksBuildPhase section */
		F0C04DC61B5432DF00D48F28 /* Frameworks */ = {
			isa = PBXFrameworksBuildPhase;
			buildActionMask = 2147483647;
			files = (
				F03D81171B5F00DB009C8C83 /* CoreGraphics.framework in Frameworks */,
				F03D81151B5F00C9009C8C83 /* Foundation.framework in Frameworks */,
				F03D81131B5F00B4009C8C83 /* UIKit.framework in Frameworks */,
				F03D81111B5F0094009C8C83 /* CoreLocation.framework in Frameworks */,
				F03D810F1B5F0084009C8C83 /* MapKit.framework in Frameworks */,
				18EE4F5CB0F41D95E11DDFFD /* libPods.a in Frameworks */,
			);
			runOnlyForDeploymentPostprocessing = 0;
		};
		F0C04DDF1B5432DF00D48F28 /* Frameworks */ = {
			isa = PBXFrameworksBuildPhase;
			buildActionMask = 2147483647;
			files = (
			);
			runOnlyForDeploymentPostprocessing = 0;
		};
/* End PBXFrameworksBuildPhase section */

/* Begin PBXGroup section */
		C02252D91A06B4E74224BF07 /* Frameworks */ = {
			isa = PBXGroup;
			children = (
				F03D81161B5F00DB009C8C83 /* CoreGraphics.framework */,
				F03D81141B5F00C9009C8C83 /* Foundation.framework */,
				F03D81121B5F00B4009C8C83 /* UIKit.framework */,
				F03D81101B5F0094009C8C83 /* CoreLocation.framework */,
				F03D810E1B5F0084009C8C83 /* MapKit.framework */,
				3F06CB19E352239AAB38BCB4 /* libPods.a */,
			);
			name = Frameworks;
			sourceTree = "<group>";
		};
		C870A812B0F58EFFE70B5D84 /* Pods */ = {
			isa = PBXGroup;
			children = (
				FBB594789E4CFDC1745CBF79 /* Pods.debug.xcconfig */,
				E99E5A1A0B9E912E8DB40ACF /* Pods.release.xcconfig */,
			);
			name = Pods;
			sourceTree = "<group>";
		};
		F0C04DC01B5432DF00D48F28 = {
			isa = PBXGroup;
			children = (
				F0C04DCB1B5432DF00D48F28 /* Blako */,
				F0C04DE51B5432DF00D48F28 /* BlakoTests */,
				F0C04DCA1B5432DF00D48F28 /* Products */,
				C870A812B0F58EFFE70B5D84 /* Pods */,
				C02252D91A06B4E74224BF07 /* Frameworks */,
			);
			sourceTree = "<group>";
		};
		F0C04DCA1B5432DF00D48F28 /* Products */ = {
			isa = PBXGroup;
			children = (
				F0C04DC91B5432DF00D48F28 /* Blako.app */,
				F0C04DE21B5432DF00D48F28 /* BlakoTests.xctest */,
			);
			name = Products;
			sourceTree = "<group>";
		};
		F0C04DCB1B5432DF00D48F28 /* Blako */ = {
			isa = PBXGroup;
			children = (
				F03D81281B61538B009C8C83 /* SPGooglePlacesAutocomplete.h */,
				F03D81291B61538B009C8C83 /* SPGooglePlacesAutocompletePlace.h */,
				F03D812A1B61538B009C8C83 /* SPGooglePlacesAutocompletePlace.m */,
				F03D812B1B61538B009C8C83 /* SPGooglePlacesAutocompleteQuery.h */,
				F03D812C1B61538B009C8C83 /* SPGooglePlacesAutocompleteQuery.m */,
				F03D812D1B61538B009C8C83 /* SPGooglePlacesPlaceDetailQuery.h */,
				F03D812E1B61538B009C8C83 /* SPGooglePlacesPlaceDetailQuery.m */,
				F03D812F1B61538B009C8C83 /* SPGooglePlacesAutocompleteUtilities.h */,
				F03D81301B61538B009C8C83 /* SPGooglePlacesAutocompleteUtilities.m */,
				F0C04DD01B5432DF00D48F28 /* AppDelegate.h */,
				F0C04DD11B5432DF00D48F28 /* AppDelegate.m */,
				F0C04DD31B5432DF00D48F28 /* MapaViewController.h */,
				F0C04DD41B5432DF00D48F28 /* MapaViewController.m */,
				F0C04DD61B5432DF00D48F28 /* Main.storyboard */,
				F03D81461B69A0B8009C8C83 /* RootViewController.h */,
				F03D81471B69A0B8009C8C83 /* RootViewController.m */,
				F03D813A1B696D8A009C8C83 /* MenuViewController.h */,
				F03D813B1B696D8A009C8C83 /* MenuViewController.m */,
				F0C04E451B5D61C000D48F28 /* SearchAddressViewController.h */,
				F0C04E461B5D61C000D48F28 /* SearchAddressViewController.m */,
				F0C04DD91B5432DF00D48F28 /* Images.xcassets */,
				F0C04DDB1B5432DF00D48F28 /* LaunchScreen.xib */,
				F0C04DCC1B5432DF00D48F28 /* Supporting Files */,
				F0C04E421B58316C00D48F28 /* MapViewController.h */,
				F0C04E431B58316C00D48F28 /* MapViewController.m */,
				F03D81351B683EB8009C8C83 /* Images-2.xcassets */,
			);
			path = Blako;
			sourceTree = "<group>";
		};
		F0C04DCC1B5432DF00D48F28 /* Supporting Files */ = {
			isa = PBXGroup;
			children = (
				F0C04DF21B55885200D48F28 /* icon_me@2x.png */,
				F0C04DCD1B5432DF00D48F28 /* Info.plist */,
				F0C04DCE1B5432DF00D48F28 /* main.m */,
			);
			name = "Supporting Files";
			sourceTree = "<group>";
		};
		F0C04DE51B5432DF00D48F28 /* BlakoTests */ = {
			isa = PBXGroup;
			children = (
				F0C04DE81B5432DF00D48F28 /* BlakoTests.m */,
				F0C04DE61B5432DF00D48F28 /* Supporting Files */,
			);
			path = BlakoTests;
			sourceTree = "<group>";
		};
		F0C04DE61B5432DF00D48F28 /* Supporting Files */ = {
			isa = PBXGroup;
			children = (
				F0C04DE71B5432DF00D48F28 /* Info.plist */,
			);
			name = "Supporting Files";
			sourceTree = "<group>";
		};
/* End PBXGroup section */

/* Begin PBXNativeTarget section */
		F0C04DC81B5432DF00D48F28 /* Blako */ = {
			isa = PBXNativeTarget;
			buildConfigurationList = F0C04DEC1B5432DF00D48F28 /* Build configuration list for PBXNativeTarget "Blako" */;
			buildPhases = (
				3A1FDD18D0E426C1260F6A88 /* Check Pods Manifest.lock */,
				F0C04DC51B5432DF00D48F28 /* Sources */,
				F0C04DC61B5432DF00D48F28 /* Frameworks */,
				F0C04DC71B5432DF00D48F28 /* Resources */,
				86B5FDB49C16D6D8D8067753 /* Copy Pods Resources */,
			);
			buildRules = (
			);
			dependencies = (
			);
			name = Blako;
			productName = Blako;
			productReference = F0C04DC91B5432DF00D48F28 /* Blako.app */;
			productType = "com.apple.product-type.application";
		};
		F0C04DE11B5432DF00D48F28 /* BlakoTests */ = {
			isa = PBXNativeTarget;
			buildConfigurationList = F0C04DEF1B5432DF00D48F28 /* Build configuration list for PBXNativeTarget "BlakoTests" */;
			buildPhases = (
				F0C04DDE1B5432DF00D48F28 /* Sources */,
				F0C04DDF1B5432DF00D48F28 /* Frameworks */,
				F0C04DE01B5432DF00D48F28 /* Resources */,
			);
			buildRules = (
			);
			dependencies = (
				F0C04DE41B5432DF00D48F28 /* PBXTargetDependency */,
			);
			name = BlakoTests;
			productName = BlakoTests;
			productReference = F0C04DE21B5432DF00D48F28 /* BlakoTests.xctest */;
			productType = "com.apple.product-type.bundle.unit-test";
		};
/* End PBXNativeTarget section */

/* Begin PBXProject section */
		F0C04DC11B5432DF00D48F28 /* Project object */ = {
			isa = PBXProject;
			attributes = {
				LastUpgradeCheck = 0620;
				ORGANIZATIONNAME = Hugo;
				TargetAttributes = {
					F0C04DC81B5432DF00D48F28 = {
						CreatedOnToolsVersion = 6.2;
					};
					F0C04DE11B5432DF00D48F28 = {
						CreatedOnToolsVersion = 6.2;
						TestTargetID = F0C04DC81B5432DF00D48F28;
					};
				};
			};
			buildConfigurationList = F0C04DC41B5432DF00D48F28 /* Build configuration list for PBXProject "Blako" */;
			compatibilityVersion = "Xcode 3.2";
			developmentRegion = English;
			hasScannedForEncodings = 0;
			knownRegions = (
				en,
				Base,
			);
			mainGroup = F0C04DC01B5432DF00D48F28;
			productRefGroup = F0C04DCA1B5432DF00D48F28 /* Products */;
			projectDirPath = "";
			projectRoot = "";
			targets = (
				F0C04DC81B5432DF00D48F28 /* Blako */,
				F0C04DE11B5432DF00D48F28 /* BlakoTests */,
			);
		};
/* End PBXProject section */

/* Begin PBXResourcesBuildPhase section */
		F0C04DC71B5432DF00D48F28 /* Resources */ = {
			isa = PBXResourcesBuildPhase;
			buildActionMask = 2147483647;
			files = (
				F0C04DD81B5432DF00D48F28 /* Main.storyboard in Resources */,
				F0C04DF31B55885200D48F28 /* icon_me@2x.png in Resources */,
				F0C04DDD1B5432DF00D48F28 /* LaunchScreen.xib in Resources */,
				F03D81361B683EB8009C8C83 /* Images-2.xcassets in Resources */,
				F0C04DDA1B5432DF00D48F28 /* Images.xcassets in Resources */,
			);
			runOnlyForDeploymentPostprocessing = 0;
		};
		F0C04DE01B5432DF00D48F28 /* Resources */ = {
			isa = PBXResourcesBuildPhase;
			buildActionMask = 2147483647;
			files = (
			);
			runOnlyForDeploymentPostprocessing = 0;
		};
/* End PBXResourcesBuildPhase section */

/* Begin PBXShellScriptBuildPhase section */
		3A1FDD18D0E426C1260F6A88 /* Check Pods Manifest.lock */ = {
			isa = PBXShellScriptBuildPhase;
			buildActionMask = 2147483647;
			files = (
			);
			inputPaths = (
			);
			name = "Check Pods Manifest.lock";
			outputPaths = (
			);
			runOnlyForDeploymentPostprocessing = 0;
			shellPath = /bin/sh;
			shellScript = "diff \"${PODS_ROOT}/../Podfile.lock\" \"${PODS_ROOT}/Manifest.lock\" > /dev/null\nif [[ $? != 0 ]] ; then\n    cat << EOM\nerror: The sandbox is not in sync with the Podfile.lock. Run 'pod install' or update your CocoaPods installation.\nEOM\n    exit 1\nfi\n";
			showEnvVarsInLog = 0;
		};
		86B5FDB49C16D6D8D8067753 /* Copy Pods Resources */ = {
			isa = PBXShellScriptBuildPhase;
			buildActionMask = 2147483647;
			files = (
			);
			inputPaths = (
			);
			name = "Copy Pods Resources";
			outputPaths = (
			);
			runOnlyForDeploymentPostprocessing = 0;
			shellPath = /bin/sh;
			shellScript = "\"${SRCROOT}/Pods/Target Support Files/Pods/Pods-resources.sh\"\n";
			showEnvVarsInLog = 0;
		};
/* End PBXShellScriptBuildPhase section */

/* Begin PBXSourcesBuildPhase section */
		F0C04DC51B5432DF00D48F28 /* Sources */ = {
			isa = PBXSourcesBuildPhase;
			buildActionMask = 2147483647;
			files = (
				F0C04DD51B5432DF00D48F28 /* MapaViewController.m in Sources */,
				F0C04DD21B5432DF00D48F28 /* AppDelegate.m in Sources */,
				F03D81331B61538B009C8C83 /* SPGooglePlacesPlaceDetailQuery.m in Sources */,
				F0C04DCF1B5432DF00D48F28 /* main.m in Sources */,
				F0C04E471B5D61C000D48F28 /* SearchAddressViewController.m in Sources */,
				F03D81341B61538B009C8C83 /* SPGooglePlacesAutocompleteUtilities.m in Sources */,
				F03D81321B61538B009C8C83 /* SPGooglePlacesAutocompleteQuery.m in Sources */,
				F03D81481B69A0B8009C8C83 /* RootViewController.m in Sources */,
				F0C04E441B58316C00D48F28 /* MapViewController.m in Sources */,
				F03D81311B61538B009C8C83 /* SPGooglePlacesAutocompletePlace.m in Sources */,
				F03D813C1B696D8A009C8C83 /* MenuViewController.m in Sources */,
			);
			runOnlyForDeploymentPostprocessing = 0;
		};
		F0C04DDE1B5432DF00D48F28 /* Sources */ = {
			isa = PBXSourcesBuildPhase;
			buildActionMask = 2147483647;
			files = (
				F0C04DE91B5432DF00D48F28 /* BlakoTests.m in Sources */,
			);
			runOnlyForDeploymentPostprocessing = 0;
		};
/* End PBXSourcesBuildPhase section */

/* Begin PBXTargetDependency section */
		F0C04DE41B5432DF00D48F28 /* PBXTargetDependency */ = {
			isa = PBXTargetDependency;
			target = F0C04DC81B5432DF00D48F28 /* Blako */;
			targetProxy = F0C04DE31B5432DF00D48F28 /* PBXContainerItemProxy */;
		};
/* End PBXTargetDependency section */

/* Begin PBXVariantGroup section */
		F0C04DD61B5432DF00D48F28 /* Main.storyboard */ = {
			isa = PBXVariantGroup;
			children = (
				F0C04DD71B5432DF00D48F28 /* Base */,
			);
			name = Main.storyboard;
			sourceTree = "<group>";
		};
		F0C04DDB1B5432DF00D48F28 /* LaunchScreen.xib */ = {
			isa = PBXVariantGroup;
			children = (
				F0C04DDC1B5432DF00D48F28 /* Base */,
			);
			name = LaunchScreen.xib;
			sourceTree = "<group>";
		};
/* End PBXVariantGroup section */

/* Begin XCBuildConfiguration section */
		F0C04DEA1B5432DF00D48F28 /* Debug */ = {
			isa = XCBuildConfiguration;
			buildSettings = {
				ALWAYS_SEARCH_USER_PATHS = NO;
				CLANG_CXX_LANGUAGE_STANDARD = "gnu++0x";
				CLANG_CXX_LIBRARY = "libc++";
				CLANG_ENABLE_MODULES = YES;
				CLANG_ENABLE_OBJC_ARC = YES;
				CLANG_WARN_BOOL_CONVERSION = YES;
				CLANG_WARN_CONSTANT_CONVERSION = YES;
				CLANG_WARN_DIRECT_OBJC_ISA_USAGE = YES_ERROR;
				CLANG_WARN_EMPTY_BODY = YES;
				CLANG_WARN_ENUM_CONVERSION = YES;
				CLANG_WARN_INT_CONVERSION = YES;
				CLANG_WARN_OBJC_ROOT_CLASS = YES_ERROR;
				CLANG_WARN_UNREACHABLE_CODE = YES;
				CLANG_WARN__DUPLICATE_METHOD_MATCH = YES;
				"CODE_SIGN_IDENTITY[sdk=iphoneos*]" = "iPhone Developer";
				COPY_PHASE_STRIP = NO;
				ENABLE_STRICT_OBJC_MSGSEND = YES;
				GCC_C_LANGUAGE_STANDARD = gnu99;
				GCC_DYNAMIC_NO_PIC = NO;
				GCC_OPTIMIZATION_LEVEL = 0;
				GCC_PREPROCESSOR_DEFINITIONS = (
					"DEBUG=1",
					"$(inherited)",
				);
				GCC_SYMBOLS_PRIVATE_EXTERN = NO;
				GCC_WARN_64_TO_32_BIT_CONVERSION = YES;
				GCC_WARN_ABOUT_RETURN_TYPE = YES_ERROR;
				GCC_WARN_UNDECLARED_SELECTOR = YES;
				GCC_WARN_UNINITIALIZED_AUTOS = YES_AGGRESSIVE;
				GCC_WARN_UNUSED_FUNCTION = YES;
				GCC_WARN_UNUSED_VARIABLE = YES;
				IPHONEOS_DEPLOYMENT_TARGET = 8.1;
				MTL_ENABLE_DEBUG_INFO = YES;
				ONLY_ACTIVE_ARCH = YES;
				SDKROOT = iphoneos;
				TARGETED_DEVICE_FAMILY = "1,2";
			};
			name = Debug;
		};
		F0C04DEB1B5432DF00D48F28 /* Release */ = {
			isa = XCBuildConfiguration;
			buildSettings = {
				ALWAYS_SEARCH_USER_PATHS = NO;
				CLANG_CXX_LANGUAGE_STANDARD = "gnu++0x";
				CLANG_CXX_LIBRARY = "libc++";
				CLANG_ENABLE_MODULES = YES;
				CLANG_ENABLE_OBJC_ARC = YES;
				CLANG_WARN_BOOL_CONVERSION = YES;
				CLANG_WARN_CONSTANT_CONVERSION = YES;
				CLANG_WARN_DIRECT_OBJC_ISA_USAGE = YES_ERROR;
				CLANG_WARN_EMPTY_BODY = YES;
				CLANG_WARN_ENUM_CONVERSION = YES;
				CLANG_WARN_INT_CONVERSION = YES;
				CLANG_WARN_OBJC_ROOT_CLASS = YES_ERROR;
				CLANG_WARN_UNREACHABLE_CODE = YES;
				CLANG_WARN__DUPLICATE_METHOD_MATCH = YES;
				"CODE_SIGN_IDENTITY[sdk=iphoneos*]" = "iPhone Developer";
				COPY_PHASE_STRIP = NO;
				ENABLE_NS_ASSERTIONS = NO;
				ENABLE_STRICT_OBJC_MSGSEND = YES;
				GCC_C_LANGUAGE_STANDARD = gnu99;
				GCC_WARN_64_TO_32_BIT_CONVERSION = YES;
				GCC_WARN_ABOUT_RETURN_TYPE = YES_ERROR;
				GCC_WARN_UNDECLARED_SELECTOR = YES;
				GCC_WARN_UNINITIALIZED_AUTOS = YES_AGGRESSIVE;
				GCC_WARN_UNUSED_FUNCTION = YES;
				GCC_WARN_UNUSED_VARIABLE = YES;
				IPHONEOS_DEPLOYMENT_TARGET = 8.1;
				MTL_ENABLE_DEBUG_INFO = NO;
				SDKROOT = iphoneos;
				TARGETED_DEVICE_FAMILY = "1,2";
				VALIDATE_PRODUCT = YES;
			};
			name = Release;
		};
		F0C04DED1B5432DF00D48F28 /* Debug */ = {
			isa = XCBuildConfiguration;
			baseConfigurationReference = FBB594789E4CFDC1745CBF79 /* Pods.debug.xcconfig */;
			buildSettings = {
				ASSETCATALOG_COMPILER_APPICON_NAME = AppIcon;
				ASSETCATALOG_COMPILER_LAUNCHIMAGE_NAME = LaunchImage;
				INFOPLIST_FILE = Blako/Info.plist;
				IPHONEOS_DEPLOYMENT_TARGET = 8.1;
				LD_RUNPATH_SEARCH_PATHS = "$(inherited) @executable_path/Frameworks";
				PRODUCT_NAME = "$(TARGET_NAME)";
				TARGETED_DEVICE_FAMILY = 1;
			};
			name = Debug;
		};
		F0C04DEE1B5432DF00D48F28 /* Release */ = {
			isa = XCBuildConfiguration;
			baseConfigurationReference = E99E5A1A0B9E912E8DB40ACF /* Pods.release.xcconfig */;
			buildSettings = {
				ASSETCATALOG_COMPILER_APPICON_NAME = AppIcon;
				ASSETCATALOG_COMPILER_LAUNCHIMAGE_NAME = LaunchImage;
				INFOPLIST_FILE = Blako/Info.plist;
				IPHONEOS_DEPLOYMENT_TARGET = 8.1;
				LD_RUNPATH_SEARCH_PATHS = "$(inherited) @executable_path/Frameworks";
				PRODUCT_NAME = "$(TARGET_NAME)";
				TARGETED_DEVICE_FAMILY = 1;
			};
			name = Release;
		};
		F0C04DF01B5432DF00D48F28 /* Debug */ = {
			isa = XCBuildConfiguration;
			buildSettings = {
				BUNDLE_LOADER = "$(TEST_HOST)";
				FRAMEWORK_SEARCH_PATHS = (
					"$(SDKROOT)/Developer/Library/Frameworks",
					"$(inherited)",
				);
				GCC_PREPROCESSOR_DEFINITIONS = (
					"DEBUG=1",
					"$(inherited)",
				);
				INFOPLIST_FILE = BlakoTests/Info.plist;
				LD_RUNPATH_SEARCH_PATHS = "$(inherited) @executable_path/Frameworks @loader_path/Frameworks";
				PRODUCT_NAME = "$(TARGET_NAME)";
				TEST_HOST = "$(BUILT_PRODUCTS_DIR)/Blako.app/Blako";
			};
			name = Debug;
		};
		F0C04DF11B5432DF00D48F28 /* Release */ = {
			isa = XCBuildConfiguration;
			buildSettings = {
				BUNDLE_LOADER = "$(TEST_HOST)";
				FRAMEWORK_SEARCH_PATHS = (
					"$(SDKROOT)/Developer/Library/Frameworks",
					"$(inherited)",
				);
				INFOPLIST_FILE = BlakoTests/Info.plist;
				LD_RUNPATH_SEARCH_PATHS = "$(inherited) @executable_path/Frameworks @loader_path/Frameworks";
				PRODUCT_NAME = "$(TARGET_NAME)";
				TEST_HOST = "$(BUILT_PRODUCTS_DIR)/Blako.app/Blako";
			};
			name = Release;
		};
/* End XCBuildConfiguration section */

/* Begin XCConfigurationList section */
		F0C04DC41B5432DF00D48F28 /* Build configuration list for PBXProject "Blako" */ = {
			isa = XCConfigurationList;
			buildConfigurations = (
				F0C04DEA1B5432DF00D48F28 /* Debug */,
				F0C04DEB1B5432DF00D48F28 /* Release */,
			);
			defaultConfigurationIsVisible = 0;
			defaultConfigurationName = Release;
		};
		F0C04DEC1B5432DF00D48F28 /* Build configuration list for PBXNativeTarget "Blako" */ = {
			isa = XCConfigurationList;
			buildConfigurations = (
				F0C04DED1B5432DF00D48F28 /* Debug */,
				F0C04DEE1B5432DF00D48F28 /* Release */,
			);
			defaultConfigurationIsVisible = 0;
			defaultConfigurationName = Release;
		};
		F0C04DEF1B5432DF00D48F28 /* Build configuration list for PBXNativeTarget "BlakoTests" */ = {
			isa = XCConfigurationList;
			buildConfigurations = (
				F0C04DF01B5432DF00D48F28 /* Debug */,
				F0C04DF11B5432DF00D48F28 /* Release */,
			);
			defaultConfigurationIsVisible = 0;
			defaultConfigurationName = Release;
		};
/* End XCConfigurationList section */
	};
	rootObject = F0C04DC11B5432DF00D48F28 /* Project object */;
}
